
Microsoft Visual Studio Solution File, Format Version 12.00
# Visual Studio Version 16
VisualStudioVersion = 16.0.30011.22
MinimumVisualStudioVersion = 10.0.40219.1
Project("{FAE04EC0-301F-11D3-BF4B-00C04F79EFBC}") = "Abstract Factory", "Abstract Factory\Abstract Factory.csproj", "{7D35DB45-FC5B-4A3C-9627-FFF7A3B759F1}"
EndProject
Global
	GlobalSection(SolutionConfigurationPlatforms) = preSolution
		Debug|Any CPU = Debug|Any CPU
		Release|Any CPU = Release|Any CPU
	EndGlobalSection
	GlobalSection(ProjectConfigurationPlatforms) = postSolution
		{7D35DB45-FC5B-4A3C-9627-FFF7A3B759F1}.Debug|Any CPU.ActiveCfg = Debug|Any CPU
		{7D35DB45-FC5B-4A3C-9627-FFF7A3B759F1}.Debug|Any CPU.Build.0 = Debug|Any CPU
		{7D35DB45-FC5B-4A3C-9627-FFF7A3B759F1}.Release|Any CPU.ActiveCfg = Release|Any CPU
		{7D35DB45-FC5B-4A3C-9627-FFF7A3B759F1}.Release|Any CPU.Build.0 = Release|Any CPU
	EndGlobalSection
	GlobalSection(SolutionProperties) = preSolution
		HideSolutionNode = FALSE
	EndGlobalSection
	GlobalSection(ExtensibilityGlobals) = postSolution
		SolutionGuid = {C15B540D-DE70-4A71-A8E8-AEED58BB7EEF}
	EndGlobalSection
EndGlobal
